
Microsoft Visual Studio Solution File, Format Version 12.00
# Visual Studio Version 17
VisualStudioVersion = 17.5.2.0
MinimumVisualStudioVersion = 10.0.40219.1
Project("{FAE04EC0-301F-11D3-BF4B-00C04F79EFBC}") = "CakeShop", "CakeShop\CakeShop.csproj", "{015CE3D9-915E-6753-E410-25748DF51025}"
EndProject
Global
	GlobalSection(SolutionConfigurationPlatforms) = preSolution
		Debug|Any CPU = Debug|Any CPU
		Release|Any CPU = Release|Any CPU
	EndGlobalSection
	GlobalSection(ProjectConfigurationPlatforms) = postSolution
		{015CE3D9-915E-6753-E410-25748DF51025}.Debug|Any CPU.ActiveCfg = Debug|Any CPU
		{015CE3D9-915E-6753-E410-25748DF51025}.Debug|Any CPU.Build.0 = Debug|Any CPU
		{015CE3D9-915E-6753-E410-25748DF51025}.Release|Any CPU.ActiveCfg = Release|Any CPU
		{015CE3D9-915E-6753-E410-25748DF51025}.Release|Any CPU.Build.0 = Release|Any CPU
	EndGlobalSection
	GlobalSection(SolutionProperties) = preSolution
		HideSolutionNode = FALSE
	EndGlobalSection
	GlobalSection(ExtensibilityGlobals) = postSolution
		SolutionGuid = {5FC0C096-DE57-4057-9A3F-ED5A59683B5F}
	EndGlobalSection
EndGlobal
